
Microsoft Visual Studio Solution File, Format Version 12.00
# Visual Studio 15
VisualStudioVersion = 15.0.27703.2042
MinimumVisualStudioVersion = 10.0.40219.1
Project("{FAE04EC0-301F-11D3-BF4B-00C04F79EFBC}") = "HomeWorkA2", "HomeWorkA2\HomeWorkA2.csproj", "{31C71590-240A-4EB6-ADE2-6920360DDBA8}"
EndProject
Global
	GlobalSection(SolutionConfigurationPlatforms) = preSolution
		Debug|Any CPU = Debug|Any CPU
		Release|Any CPU = Release|Any CPU
	EndGlobalSection
	GlobalSection(ProjectConfigurationPlatforms) = postSolution
		{31C71590-240A-4EB6-ADE2-6920360DDBA8}.Debug|Any CPU.ActiveCfg = Debug|Any CPU
		{31C71590-240A-4EB6-ADE2-6920360DDBA8}.Debug|Any CPU.Build.0 = Debug|Any CPU
		{31C71590-240A-4EB6-ADE2-6920360DDBA8}.Release|Any CPU.ActiveCfg = Release|Any CPU
		{31C71590-240A-4EB6-ADE2-6920360DDBA8}.Release|Any CPU.Build.0 = Release|Any CPU
	EndGlobalSection
	GlobalSection(SolutionProperties) = preSolution
		HideSolutionNode = FALSE
	EndGlobalSection
	GlobalSection(ExtensibilityGlobals) = postSolution
		SolutionGuid = {DCF54BA2-5E0D-4D61-AC3B-7BB5F8A8BF48}
	EndGlobalSection
EndGlobal
